# This file is automatically @generated by Cargo.
# It is not intended for manual editing.
version = 3

[[package]]
name = "dma"
version = "0.2.1"
dependencies = [
 "num_traits",
]

[[package]]
name = "num_traits"
version = "0.2.0"
source = "git+https://github.com/shetr/num_traits.git#334aaf070a7db1aaf43b47daacf58f0444ad44f3"
