# This file is automatically @generated by Cargo.
# It is not intended for manual editing.
version = 3

[[package]]
name = "dma"
version = "0.1.0"
dependencies = [
 "num_traits",
]

[[package]]
name = "num_traits"
version = "0.1.0"
source = "git+https://github.com/shetr/num_traits.git#3c89089ff3ab8b1a9bc94d830c7668a92e9e5b25"
